
Microsoft Visual Studio Solution File, Format Version 12.00
# Visual Studio 15
VisualStudioVersion = 15.0.27004.2008
MinimumVisualStudioVersion = 10.0.40219.1
Project("{FAE04EC0-301F-11D3-BF4B-00C04F79EFBC}") = "ConsoleApp2", "ConsoleApp2\ConsoleApp2.csproj", "{67CAC548-F8FC-4B6E-9890-1469F00D141A}"
EndProject
Global
	GlobalSection(SolutionConfigurationPlatforms) = preSolution
		Debug|Any CPU = Debug|Any CPU
		Release|Any CPU = Release|Any CPU
	EndGlobalSection
	GlobalSection(ProjectConfigurationPlatforms) = postSolution
		{67CAC548-F8FC-4B6E-9890-1469F00D141A}.Debug|Any CPU.ActiveCfg = Debug|Any CPU
		{67CAC548-F8FC-4B6E-9890-1469F00D141A}.Debug|Any CPU.Build.0 = Debug|Any CPU
		{67CAC548-F8FC-4B6E-9890-1469F00D141A}.Release|Any CPU.ActiveCfg = Release|Any CPU
		{67CAC548-F8FC-4B6E-9890-1469F00D141A}.Release|Any CPU.Build.0 = Release|Any CPU
	EndGlobalSection
	GlobalSection(SolutionProperties) = preSolution
		HideSolutionNode = FALSE
	EndGlobalSection
	GlobalSection(ExtensibilityGlobals) = postSolution
		SolutionGuid = {7F1B5C83-1ED5-4356-B46F-79D6185569E1}
	EndGlobalSection
EndGlobal
